<Solution>
  <Folder Name="/API/">
    <File Path="Models.txt" />
    <Project Path="AiChatbot/AiChatbot.csproj" Id="2f369b86-63b4-4c3d-b443-a66bdf245f3c" />
    <Project Path="AnomalyDetectionExample/AnomalyDetectionExample.csproj" Id="1a4f51f5-9ac3-40b1-850f-90a47256bcb1" />
    <Project Path="API/MLAPI/MLAPI.csproj" Id="c6e51022-31d4-4bc5-befc-417b75438f9f" />
    <Project Path="ClusteringExample/ClusteringExample.csproj" />
    <Project Path="ConsoleApp/ConsoleApp.csproj" Id="cd795822-79aa-401e-8e27-8b8b35dba34d" />
    <Project Path="NewsCategoryClassification/NewsCategoryClassification.csproj" Id="42d83c73-2402-48fe-8c14-564e0186cebd" />
    <Project Path="NLPTextProcessing/NLPTextProcessing.csproj" Id="3ba1c859-77bf-40c5-8319-864d8f257893" />
    <Project Path="RankingExample/RankingExample.csproj" Id="7fd8862a-4f0a-4b0a-a0b9-2ef1e979b131" />
    <Project Path="RecommendationExample/RecommendationExample.csproj" Id="9eaf53db-5a19-4782-94ae-9cdf4d20463f" />
    <Project Path="RegressionHousePricePredict/RegressionHousePricePredict.csproj" Id="4e380395-1dda-45d7-97ee-027ff6fbec48" />
  </Folder>
</Solution>
