<Solution>
  <Folder Name="/API/">
    <Project Path="API/MLAPI/MLAPI.csproj" Id="c6e51022-31d4-4bc5-befc-417b75438f9f" />
    <Project Path="ConsoleApp/ConsoleApp.csproj" Id="cd795822-79aa-401e-8e27-8b8b35dba34d" />
    <Project Path="NewsCategoryClassification/NewsCategoryClassification.csproj" Id="42d83c73-2402-48fe-8c14-564e0186cebd" />
    <Project Path="NLPTextProcessing/NLPTextProcessing.csproj" Id="3ba1c859-77bf-40c5-8319-864d8f257893" />
    <Project Path="RegressionHousePricePredict/RegressionHousePricePredict.csproj" Id="4e380395-1dda-45d7-97ee-027ff6fbec48" />
  </Folder>
</Solution>
